<?xml version="1.0" encoding="UTF-8"?>
<CONFIG>
  <ProjectOptions>
    <Version Value="12"/>
    <General>
      <Title Value="Structura"/>
      <Scaled Value="True"/>
      <UseAppBundle Value="False"/>
      <ResourceType Value="res"/>
    </General>
    <BuildModes>
      <Item Name="default" Default="True"/>
    </BuildModes>
    <PublishOptions>
      <Version Value="2"/>
    </PublishOptions>
    <RunParams>
      <FormatVersion Value="2"/>
    </RunParams>
    <RequiredPackages>
      <Item>
        <PackageName Value="LCL"/>
      </Item>
      <Item>
        <PackageName Value="TurboPowerIPro"/>
      </Item>
    </RequiredPackages>
    <Units>
      <Unit>
        <Filename Value="Structura.lpr"/>
        <IsPartOfProject Value="True"/>
        <UsageCount Value="31"/>
      </Unit>
      <Unit>
        <Filename Value="MainFormUnit.pas"/>
        <IsPartOfProject Value="True"/>
        <ComponentName Value="MainForm"/>
        <HasResources Value="True"/>
        <ResourceBaseClass Value="Form"/>
        <IsVisibleTab Value="True"/>
        <EditorIndex Value="1"/>
        <TopLine Value="613"/>
        <CursorPos X="95" Y="634"/>
        <UsageCount Value="31"/>
        <Loaded Value="True"/>
        <LoadedDesigner Value="True"/>
      </Unit>
      <Unit>
        <Filename Value="StructuraTypes.pas"/>
        <IsPartOfProject Value="True"/>
        <UsageCount Value="31"/>
      </Unit>
      <Unit>
        <Filename Value="ProjectStore.pas"/>
        <IsPartOfProject Value="True"/>
        <UsageCount Value="31"/>
      </Unit>
      <Unit>
        <Filename Value="DocxPreview.pas"/>
        <IsPartOfProject Value="True"/>
        <UsageCount Value="31"/>
      </Unit>
      <Unit>
        <Filename Value="DocumentWorkflow.pas"/>
        <IsPartOfProject Value="True"/>
        <UsageCount Value="31"/>
      </Unit>
      <Unit>
        <Filename Value="ProjectDialogUnit.pas"/>
        <IsPartOfProject Value="True"/>
        <ComponentName Value="ProjectDialogForm"/>
        <HasResources Value="True"/>
        <ResourceBaseClass Value="Form"/>
        <UsageCount Value="31"/>
      </Unit>
      <Unit>
        <Filename Value="ElementDialogUnit.pas"/>
        <IsPartOfProject Value="True"/>
        <ComponentName Value="ElementDialogForm"/>
        <HasResources Value="True"/>
        <ResourceBaseClass Value="Form"/>
        <UsageCount Value="31"/>
      </Unit>
      <Unit>
        <Filename Value="OfficeDetection.pas"/>
        <IsPartOfProject Value="True"/>
        <UsageCount Value="31"/>
      </Unit>
      <Unit>
        <Filename Value="AppSettings.pas"/>
        <IsPartOfProject Value="True"/>
        <UsageCount Value="31"/>
      </Unit>
      <Unit>
        <Filename Value="SettingsStore.pas"/>
        <IsPartOfProject Value="True"/>
        <UsageCount Value="31"/>
      </Unit>
      <Unit>
        <Filename Value="WorkflowButtonDialogUnit.pas"/>
        <IsPartOfProject Value="True"/>
        <ComponentName Value="WorkflowButtonDialogForm"/>
        <HasResources Value="True"/>
        <ResourceBaseClass Value="Form"/>
        <UsageCount Value="31"/>
      </Unit>
      <Unit>
        <Filename Value="SettingsDialogUnit.pas"/>
        <IsPartOfProject Value="True"/>
        <ComponentName Value="SettingsDialogForm"/>
        <HasResources Value="True"/>
        <ResourceBaseClass Value="Form"/>
        <UsageCount Value="31"/>
      </Unit>
      <Unit>
        <Filename Value="FirstRunWizardUnit.pas"/>
        <IsPartOfProject Value="True"/>
        <UsageCount Value="30"/>
      </Unit>
      <Unit>
        <Filename Value="ImportProjectDialogUnit.pas"/>
        <IsPartOfProject Value="True"/>
        <UsageCount Value="30"/>
      </Unit>
      <Unit>
        <Filename Value="../../lazarus/lcl/include/control.inc"/>
        <TopLine Value="2832"/>
        <CursorPos Y="2846"/>
        <UsageCount Value="15"/>
        <Loaded Value="True"/>
      </Unit>
      <Unit>
        <Filename Value="../../lazarus/lcl/include/promptdialog.inc"/>
        <EditorIndex Value="2"/>
        <TopLine Value="935"/>
        <CursorPos Y="957"/>
        <UsageCount Value="11"/>
        <Loaded Value="True"/>
      </Unit>
    </Units>
    <JumpHistory HistoryIndex="1">
      <Position>
        <Filename Value="../../lazarus/lcl/include/control.inc"/>
        <Caret Line="2846" TopLine="2832"/>
      </Position>
      <Position>
        <Filename Value="MainFormUnit.pas"/>
        <Caret Line="628" Column="3" TopLine="613"/>
      </Position>
    </JumpHistory>
  </ProjectOptions>
  <CompilerOptions>
    <Version Value="11"/>
    <Parsing>
      <SyntaxOptions>
        <UseAnsiStrings Value="False"/>
      </SyntaxOptions>
    </Parsing>
    <Linking>
      <Debugging>
        <DebugInfoType Value="dsDwarf3"/>
      </Debugging>
    </Linking>
  </CompilerOptions>
</CONFIG>
